
Microsoft Visual Studio Solution File, Format Version 12.00
# Visual Studio Version 16
VisualStudioVersion = 16.0.29806.167
MinimumVisualStudioVersion = 10.0.40219.1
Project("{9A19103F-16F7-4668-BE54-9A1E7A4F7556}") = "API", "API\API.csproj", "{B214D23C-1A81-4F00-BE03-574F7D66A53A}"
EndProject
Project("{9A19103F-16F7-4668-BE54-9A1E7A4F7556}") = "GUI.Web", "GUI.Web\GUI.Web.csproj", "{955F5EDB-615B-4597-B932-4421934F3F9C}"
EndProject
Project("{FAE04EC0-301F-11D3-BF4B-00C04F79EFBC}") = "Entities", "Entities\Entities.csproj", "{2AD315EB-47D8-4F4D-9EB6-F28FFD6597E9}"
EndProject
Global
	GlobalSection(SolutionConfigurationPlatforms) = preSolution
		Debug|Any CPU = Debug|Any CPU
		Release|Any CPU = Release|Any CPU
	EndGlobalSection
	GlobalSection(ProjectConfigurationPlatforms) = postSolution
		{B214D23C-1A81-4F00-BE03-574F7D66A53A}.Debug|Any CPU.ActiveCfg = Debug|Any CPU
		{B214D23C-1A81-4F00-BE03-574F7D66A53A}.Debug|Any CPU.Build.0 = Debug|Any CPU
		{B214D23C-1A81-4F00-BE03-574F7D66A53A}.Release|Any CPU.ActiveCfg = Release|Any CPU
		{B214D23C-1A81-4F00-BE03-574F7D66A53A}.Release|Any CPU.Build.0 = Release|Any CPU
		{955F5EDB-615B-4597-B932-4421934F3F9C}.Debug|Any CPU.ActiveCfg = Debug|Any CPU
		{955F5EDB-615B-4597-B932-4421934F3F9C}.Debug|Any CPU.Build.0 = Debug|Any CPU
		{955F5EDB-615B-4597-B932-4421934F3F9C}.Release|Any CPU.ActiveCfg = Release|Any CPU
		{955F5EDB-615B-4597-B932-4421934F3F9C}.Release|Any CPU.Build.0 = Release|Any CPU
		{2AD315EB-47D8-4F4D-9EB6-F28FFD6597E9}.Debug|Any CPU.ActiveCfg = Debug|Any CPU
		{2AD315EB-47D8-4F4D-9EB6-F28FFD6597E9}.Debug|Any CPU.Build.0 = Debug|Any CPU
		{2AD315EB-47D8-4F4D-9EB6-F28FFD6597E9}.Release|Any CPU.ActiveCfg = Release|Any CPU
		{2AD315EB-47D8-4F4D-9EB6-F28FFD6597E9}.Release|Any CPU.Build.0 = Release|Any CPU
	EndGlobalSection
	GlobalSection(SolutionProperties) = preSolution
		HideSolutionNode = FALSE
	EndGlobalSection
	GlobalSection(ExtensibilityGlobals) = postSolution
		SolutionGuid = {B43FE2E4-E3B2-40CE-81E3-74DD6CD5BE8B}
	EndGlobalSection
EndGlobal
